
Microsoft Visual Studio Solution File, Format Version 12.00
# Visual Studio 15
VisualStudioVersion = 15.0.27428.2037
MinimumVisualStudioVersion = 10.0.40219.1
Project("{FAE04EC0-301F-11D3-BF4B-00C04F79EFBC}") = "Helix.Templates", "Helix.Templates.csproj", "{9EAB4CFE-E4E6-4F4D-B7C3-800D9BB59ACA}"
EndProject
Project("{2150E333-8FDC-42A3-9474-1A3956D46DE8}") = "Configuration", "Configuration", "{5A4F99DF-03C2-4757-A044-14A5E4EBCE67}"
	ProjectSection(SolutionItems) = preProject
		..\.gitignore = ..\.gitignore
		key.snk = key.snk
		..\LICENSE = ..\LICENSE
		..\README.md = ..\README.md
	EndProjectSection
EndProject
Project("{FAE04EC0-301F-11D3-BF4B-00C04F79EFBC}") = "Sitecore.Foundation.Module", "Sitecore.Foundation.Module\Sitecore.Foundation.Module.csproj", "{B3CB162B-7F75-43DC-8C42-1FD44EC667A2}"
EndProject
Global
	GlobalSection(SolutionConfigurationPlatforms) = preSolution
		Debug|Any CPU = Debug|Any CPU
		Release|Any CPU = Release|Any CPU
	EndGlobalSection
	GlobalSection(ProjectConfigurationPlatforms) = postSolution
		{9EAB4CFE-E4E6-4F4D-B7C3-800D9BB59ACA}.Debug|Any CPU.ActiveCfg = Debug|Any CPU
		{9EAB4CFE-E4E6-4F4D-B7C3-800D9BB59ACA}.Debug|Any CPU.Build.0 = Debug|Any CPU
		{9EAB4CFE-E4E6-4F4D-B7C3-800D9BB59ACA}.Release|Any CPU.ActiveCfg = Release|Any CPU
		{9EAB4CFE-E4E6-4F4D-B7C3-800D9BB59ACA}.Release|Any CPU.Build.0 = Release|Any CPU
		{B3CB162B-7F75-43DC-8C42-1FD44EC667A2}.Debug|Any CPU.ActiveCfg = Debug|Any CPU
		{B3CB162B-7F75-43DC-8C42-1FD44EC667A2}.Debug|Any CPU.Build.0 = Debug|Any CPU
		{B3CB162B-7F75-43DC-8C42-1FD44EC667A2}.Release|Any CPU.ActiveCfg = Release|Any CPU
		{B3CB162B-7F75-43DC-8C42-1FD44EC667A2}.Release|Any CPU.Build.0 = Release|Any CPU
	EndGlobalSection
	GlobalSection(SolutionProperties) = preSolution
		HideSolutionNode = FALSE
	EndGlobalSection
	GlobalSection(ExtensibilityGlobals) = postSolution
		SolutionGuid = {0C83CD91-A5B1-46D8-8171-5DE81203DF73}
	EndGlobalSection
EndGlobal
